// !$*UTF8*$!
{
	archiveVersion = 1;
	classes = {
	};
	objectVersion = 46;
	objects = {

/* Begin PBXBuildFile section */
		B0AC86891E0FDB82002BB643 /* main.cpp in Sources */ = {isa = PBXBuildFile; fileRef = B0AC86881E0FDB82002BB643 /* main.cpp */; };
/* End PBXBuildFile section */

/* Begin PBXCopyFilesBuildPhase section */
		B0AC86831E0FDB82002BB643 /* CopyFiles */ = {
			isa = PBXCopyFilesBuildPhase;
			buildActionMask = 2147483647;
			dstPath = /usr/share/man/man1/;
			dstSubfolderSpec = 0;
			files = (
			);
			runOnlyForDeploymentPostprocessing = 1;
		};
/* End PBXCopyFilesBuildPhase section */

/* Begin PBXFileReference section */
		B0400A411E1568AE00812964 /* vector_search.h */ = {isa = PBXFileReference; lastKnownFileType = sourcecode.c.h; path = vector_search.h; sourceTree = "<group>"; };
		B0400A421E15696500812964 /* bin_search_A.h */ = {isa = PBXFileReference; lastKnownFileType = sourcecode.c.h; path = bin_search_A.h; sourceTree = "<group>"; };
		B0400A431E15740500812964 /* fib_search.h */ = {isa = PBXFileReference; lastKnownFileType = sourcecode.c.h; path = fib_search.h; sourceTree = "<group>"; };
		B063EDE01E116A7200D18715 /* vector_insert.h */ = {isa = PBXFileReference; lastKnownFileType = sourcecode.c.h; path = vector_insert.h; sourceTree = "<group>"; };
		B063EDE11E116BDA00D18715 /* vector_remove.h */ = {isa = PBXFileReference; lastKnownFileType = sourcecode.c.h; path = vector_remove.h; sourceTree = "<group>"; };
		B063EDE21E117B4000D18715 /* vector_deduplicate.h */ = {isa = PBXFileReference; lastKnownFileType = sourcecode.c.h; path = vector_deduplicate.h; sourceTree = "<group>"; };
		B063EDE31E117D3600D18715 /* vector_traverse.h */ = {isa = PBXFileReference; lastKnownFileType = sourcecode.c.h; path = vector_traverse.h; sourceTree = "<group>"; };
		B063EDE41E11807B00D18715 /* vector_disorder.h */ = {isa = PBXFileReference; lastKnownFileType = sourcecode.c.h; path = vector_disorder.h; sourceTree = "<group>"; };
		B063EDE51E11814100D18715 /* vector_uniquify.h */ = {isa = PBXFileReference; lastKnownFileType = sourcecode.c.h; path = vector_uniquify.h; sourceTree = "<group>"; };
		B07A43441E1803D200620C51 /* vector_sort.h */ = {isa = PBXFileReference; lastKnownFileType = sourcecode.c.h; path = vector_sort.h; sourceTree = "<group>"; };
		B07A43451E1804C900620C51 /* vector_bubble_sort.h */ = {isa = PBXFileReference; lastKnownFileType = sourcecode.c.h; path = vector_bubble_sort.h; sourceTree = "<group>"; };
		B07A43461E18084E00620C51 /* vector_merge_sort.h */ = {isa = PBXFileReference; lastKnownFileType = sourcecode.c.h; path = vector_merge_sort.h; sourceTree = "<group>"; };
		B0AC86851E0FDB82002BB643 /* Vector */ = {isa = PBXFileReference; explicitFileType = "compiled.mach-o.executable"; includeInIndex = 0; path = Vector; sourceTree = BUILT_PRODUCTS_DIR; };
		B0AC86881E0FDB82002BB643 /* main.cpp */ = {isa = PBXFileReference; lastKnownFileType = sourcecode.cpp.cpp; path = main.cpp; sourceTree = "<group>"; };
		B0AC868F1E0FDBB6002BB643 /* Vector.h */ = {isa = PBXFileReference; lastKnownFileType = sourcecode.c.h; path = Vector.h; sourceTree = "<group>"; };
		B0AC86921E108A1E002BB643 /* vector_implementation.h */ = {isa = PBXFileReference; lastKnownFileType = sourcecode.c.h; path = vector_implementation.h; sourceTree = "<group>"; };
		B0AC86931E108A6B002BB643 /* vector_copy.h */ = {isa = PBXFileReference; lastKnownFileType = sourcecode.c.h; path = vector_copy.h; sourceTree = "<group>"; };
		B0AC86941E108DE7002BB643 /* vector_capacity_adjust.h */ = {isa = PBXFileReference; lastKnownFileType = sourcecode.c.h; path = vector_capacity_adjust.h; sourceTree = "<group>"; };
		B0AC86951E1091AC002BB643 /* vector_call_by_rank.h */ = {isa = PBXFileReference; lastKnownFileType = sourcecode.c.h; path = vector_call_by_rank.h; sourceTree = "<group>"; };
		B0AC86961E109260002BB643 /* vector_unsort.h */ = {isa = PBXFileReference; lastKnownFileType = sourcecode.c.h; path = vector_unsort.h; sourceTree = "<group>"; };
		B0AC86971E109566002BB643 /* vector_find.h */ = {isa = PBXFileReference; lastKnownFileType = sourcecode.c.h; path = vector_find.h; sourceTree = "<group>"; };
/* End PBXFileReference section */

/* Begin PBXFrameworksBuildPhase section */
		B0AC86821E0FDB82002BB643 /* Frameworks */ = {
			isa = PBXFrameworksBuildPhase;
			buildActionMask = 2147483647;
			files = (
			);
			runOnlyForDeploymentPostprocessing = 0;
		};
/* End PBXFrameworksBuildPhase section */

/* Begin PBXGroup section */
		B0AC867C1E0FDB82002BB643 = {
			isa = PBXGroup;
			children = (
				B0AC86871E0FDB82002BB643 /* Vector */,
				B0AC86861E0FDB82002BB643 /* Products */,
			);
			sourceTree = "<group>";
		};
		B0AC86861E0FDB82002BB643 /* Products */ = {
			isa = PBXGroup;
			children = (
				B0AC86851E0FDB82002BB643 /* Vector */,
			);
			name = Products;
			sourceTree = "<group>";
		};
		B0AC86871E0FDB82002BB643 /* Vector */ = {
			isa = PBXGroup;
			children = (
				B0AC86881E0FDB82002BB643 /* main.cpp */,
				B0AC868F1E0FDBB6002BB643 /* Vector.h */,
				B0AC86921E108A1E002BB643 /* vector_implementation.h */,
				B07A43461E18084E00620C51 /* vector_merge_sort.h */,
				B0AC86931E108A6B002BB643 /* vector_copy.h */,
				B0AC86941E108DE7002BB643 /* vector_capacity_adjust.h */,
				B0AC86951E1091AC002BB643 /* vector_call_by_rank.h */,
				B0AC86961E109260002BB643 /* vector_unsort.h */,
				B0AC86971E109566002BB643 /* vector_find.h */,
				B063EDE01E116A7200D18715 /* vector_insert.h */,
				B063EDE11E116BDA00D18715 /* vector_remove.h */,
				B063EDE21E117B4000D18715 /* vector_deduplicate.h */,
				B063EDE31E117D3600D18715 /* vector_traverse.h */,
				B063EDE41E11807B00D18715 /* vector_disorder.h */,
				B063EDE51E11814100D18715 /* vector_uniquify.h */,
				B0400A411E1568AE00812964 /* vector_search.h */,
				B0400A421E15696500812964 /* bin_search_A.h */,
				B0400A431E15740500812964 /* fib_search.h */,
				B07A43441E1803D200620C51 /* vector_sort.h */,
				B07A43451E1804C900620C51 /* vector_bubble_sort.h */,
			);
			path = Vector;
			sourceTree = "<group>";
		};
/* End PBXGroup section */

/* Begin PBXNativeTarget section */
		B0AC86841E0FDB82002BB643 /* Vector */ = {
			isa = PBXNativeTarget;
			buildConfigurationList = B0AC868C1E0FDB82002BB643 /* Build configuration list for PBXNativeTarget "Vector" */;
			buildPhases = (
				B0AC86811E0FDB82002BB643 /* Sources */,
				B0AC86821E0FDB82002BB643 /* Frameworks */,
				B0AC86831E0FDB82002BB643 /* CopyFiles */,
			);
			buildRules = (
			);
			dependencies = (
			);
			name = Vector;
			productName = Vector;
			productReference = B0AC86851E0FDB82002BB643 /* Vector */;
			productType = "com.apple.product-type.tool";
		};
/* End PBXNativeTarget section */

/* Begin PBXProject section */
		B0AC867D1E0FDB82002BB643 /* Project object */ = {
			isa = PBXProject;
			attributes = {
				LastUpgradeCheck = 0820;
				ORGANIZATIONNAME = hantianbao;
				TargetAttributes = {
					B0AC86841E0FDB82002BB643 = {
						CreatedOnToolsVersion = 8.2.1;
						ProvisioningStyle = Automatic;
					};
				};
			};
			buildConfigurationList = B0AC86801E0FDB82002BB643 /* Build configuration list for PBXProject "Vector" */;
			compatibilityVersion = "Xcode 3.2";
			developmentRegion = English;
			hasScannedForEncodings = 0;
			knownRegions = (
				en,
			);
			mainGroup = B0AC867C1E0FDB82002BB643;
			productRefGroup = B0AC86861E0FDB82002BB643 /* Products */;
			projectDirPath = "";
			projectRoot = "";
			targets = (
				B0AC86841E0FDB82002BB643 /* Vector */,
			);
		};
/* End PBXProject section */

/* Begin PBXSourcesBuildPhase section */
		B0AC86811E0FDB82002BB643 /* Sources */ = {
			isa = PBXSourcesBuildPhase;
			buildActionMask = 2147483647;
			files = (
				B0AC86891E0FDB82002BB643 /* main.cpp in Sources */,
			);
			runOnlyForDeploymentPostprocessing = 0;
		};
/* End PBXSourcesBuildPhase section */

/* Begin XCBuildConfiguration section */
		B0AC868A1E0FDB82002BB643 /* Debug */ = {
			isa = XCBuildConfiguration;
			buildSettings = {
				ALWAYS_SEARCH_USER_PATHS = NO;
				CLANG_ANALYZER_NONNULL = YES;
				CLANG_CXX_LANGUAGE_STANDARD = "gnu++0x";
				CLANG_CXX_LIBRARY = "libc++";
				CLANG_ENABLE_MODULES = YES;
				CLANG_ENABLE_OBJC_ARC = YES;
				CLANG_WARN_BOOL_CONVERSION = YES;
				CLANG_WARN_CONSTANT_CONVERSION = YES;
				CLANG_WARN_DIRECT_OBJC_ISA_USAGE = YES_ERROR;
				CLANG_WARN_DOCUMENTATION_COMMENTS = YES;
				CLANG_WARN_EMPTY_BODY = YES;
				CLANG_WARN_ENUM_CONVERSION = YES;
				CLANG_WARN_INFINITE_RECURSION = YES;
				CLANG_WARN_INT_CONVERSION = YES;
				CLANG_WARN_OBJC_ROOT_CLASS = YES_ERROR;
				CLANG_WARN_SUSPICIOUS_MOVE = YES;
				CLANG_WARN_UNREACHABLE_CODE = YES;
				CLANG_WARN__DUPLICATE_METHOD_MATCH = YES;
				CODE_SIGN_IDENTITY = "-";
				COPY_PHASE_STRIP = NO;
				DEBUG_INFORMATION_FORMAT = dwarf;
				ENABLE_STRICT_OBJC_MSGSEND = YES;
				ENABLE_TESTABILITY = YES;
				GCC_C_LANGUAGE_STANDARD = gnu99;
				GCC_DYNAMIC_NO_PIC = NO;
				GCC_NO_COMMON_BLOCKS = YES;
				GCC_OPTIMIZATION_LEVEL = 0;
				GCC_PREPROCESSOR_DEFINITIONS = (
					"DEBUG=1",
					"$(inherited)",
				);
				GCC_WARN_64_TO_32_BIT_CONVERSION = YES;
				GCC_WARN_ABOUT_RETURN_TYPE = YES_ERROR;
				GCC_WARN_UNDECLARED_SELECTOR = YES;
				GCC_WARN_UNINITIALIZED_AUTOS = YES_AGGRESSIVE;
				GCC_WARN_UNUSED_FUNCTION = YES;
				GCC_WARN_UNUSED_VARIABLE = YES;
				MACOSX_DEPLOYMENT_TARGET = 10.12;
				MTL_ENABLE_DEBUG_INFO = YES;
				ONLY_ACTIVE_ARCH = YES;
				SDKROOT = macosx;
			};
			name = Debug;
		};
		B0AC868B1E0FDB82002BB643 /* Release */ = {
			isa = XCBuildConfiguration;
			buildSettings = {
				ALWAYS_SEARCH_USER_PATHS = NO;
				CLANG_ANALYZER_NONNULL = YES;
				CLANG_CXX_LANGUAGE_STANDARD = "gnu++0x";
				CLANG_CXX_LIBRARY = "libc++";
				CLANG_ENABLE_MODULES = YES;
				CLANG_ENABLE_OBJC_ARC = YES;
				CLANG_WARN_BOOL_CONVERSION = YES;
				CLANG_WARN_CONSTANT_CONVERSION = YES;
				CLANG_WARN_DIRECT_OBJC_ISA_USAGE = YES_ERROR;
				CLANG_WARN_DOCUMENTATION_COMMENTS = YES;
				CLANG_WARN_EMPTY_BODY = YES;
				CLANG_WARN_ENUM_CONVERSION = YES;
				CLANG_WARN_INFINITE_RECURSION = YES;
				CLANG_WARN_INT_CONVERSION = YES;
				CLANG_WARN_OBJC_ROOT_CLASS = YES_ERROR;
				CLANG_WARN_SUSPICIOUS_MOVE = YES;
				CLANG_WARN_UNREACHABLE_CODE = YES;
				CLANG_WARN__DUPLICATE_METHOD_MATCH = YES;
				CODE_SIGN_IDENTITY = "-";
				COPY_PHASE_STRIP = NO;
				DEBUG_INFORMATION_FORMAT = "dwarf-with-dsym";
				ENABLE_NS_ASSERTIONS = NO;
				ENABLE_STRICT_OBJC_MSGSEND = YES;
				GCC_C_LANGUAGE_STANDARD = gnu99;
				GCC_NO_COMMON_BLOCKS = YES;
				GCC_WARN_64_TO_32_BIT_CONVERSION = YES;
				GCC_WARN_ABOUT_RETURN_TYPE = YES_ERROR;
				GCC_WARN_UNDECLARED_SELECTOR = YES;
				GCC_WARN_UNINITIALIZED_AUTOS = YES_AGGRESSIVE;
				GCC_WARN_UNUSED_FUNCTION = YES;
				GCC_WARN_UNUSED_VARIABLE = YES;
				MACOSX_DEPLOYMENT_TARGET = 10.12;
				MTL_ENABLE_DEBUG_INFO = NO;
				SDKROOT = macosx;
			};
			name = Release;
		};
		B0AC868D1E0FDB82002BB643 /* Debug */ = {
			isa = XCBuildConfiguration;
			buildSettings = {
				PRODUCT_NAME = "$(TARGET_NAME)";
			};
			name = Debug;
		};
		B0AC868E1E0FDB82002BB643 /* Release */ = {
			isa = XCBuildConfiguration;
			buildSettings = {
				PRODUCT_NAME = "$(TARGET_NAME)";
			};
			name = Release;
		};
/* End XCBuildConfiguration section */

/* Begin XCConfigurationList section */
		B0AC86801E0FDB82002BB643 /* Build configuration list for PBXProject "Vector" */ = {
			isa = XCConfigurationList;
			buildConfigurations = (
				B0AC868A1E0FDB82002BB643 /* Debug */,
				B0AC868B1E0FDB82002BB643 /* Release */,
			);
			defaultConfigurationIsVisible = 0;
			defaultConfigurationName = Release;
		};
		B0AC868C1E0FDB82002BB643 /* Build configuration list for PBXNativeTarget "Vector" */ = {
			isa = XCConfigurationList;
			buildConfigurations = (
				B0AC868D1E0FDB82002BB643 /* Debug */,
				B0AC868E1E0FDB82002BB643 /* Release */,
			);
			defaultConfigurationIsVisible = 0;
			defaultConfigurationName = Release;
		};
/* End XCConfigurationList section */
	};
	rootObject = B0AC867D1E0FDB82002BB643 /* Project object */;
}
